
Microsoft Visual Studio Solution File, Format Version 12.00
# Visual Studio Version 17
VisualStudioVersion = 17.2.32526.322
MinimumVisualStudioVersion = 10.0.40219.1
Project("{9A19103F-16F7-4668-BE54-9A1E7A4F7556}") = "BulkyBookWeb", "BulkyBookWeb\BulkyBookWeb.csproj", "{E047D8D0-7DE1-496D-A75C-1101C8C798FE}"
EndProject
Project("{9A19103F-16F7-4668-BE54-9A1E7A4F7556}") = "BulkyBook.DataAccess", "BulkyBook.DataAccess\BulkyBook.DataAccess.csproj", "{E8990C16-7445-49B6-8185-07B88AEFC575}"
EndProject
Project("{9A19103F-16F7-4668-BE54-9A1E7A4F7556}") = "BulkyBook.Models", "BulkyBook.Models\BulkyBook.Models.csproj", "{0B07D44D-45C3-45B2-BA78-E521859881BB}"
EndProject
Project("{9A19103F-16F7-4668-BE54-9A1E7A4F7556}") = "BulkyBook.Utility", "BulkyBook.Utility\BulkyBook.Utility.csproj", "{66978C30-AE6F-47E7-A897-9D6E1A127DFF}"
EndProject
Project("{2150E333-8FDC-42A3-9474-1A3956D46DE8}") = "Solution Items", "Solution Items", "{DE28D2CC-78EA-41D3-ADBB-9960C64432A4}"
	ProjectSection(SolutionItems) = preProject
		.editorconfig = .editorconfig
	EndProjectSection
EndProject
Global
	GlobalSection(SolutionConfigurationPlatforms) = preSolution
		Debug|Any CPU = Debug|Any CPU
		Release|Any CPU = Release|Any CPU
	EndGlobalSection
	GlobalSection(ProjectConfigurationPlatforms) = postSolution
		{E047D8D0-7DE1-496D-A75C-1101C8C798FE}.Debug|Any CPU.ActiveCfg = Debug|Any CPU
		{E047D8D0-7DE1-496D-A75C-1101C8C798FE}.Debug|Any CPU.Build.0 = Debug|Any CPU
		{E047D8D0-7DE1-496D-A75C-1101C8C798FE}.Release|Any CPU.ActiveCfg = Release|Any CPU
		{E047D8D0-7DE1-496D-A75C-1101C8C798FE}.Release|Any CPU.Build.0 = Release|Any CPU
		{E8990C16-7445-49B6-8185-07B88AEFC575}.Debug|Any CPU.ActiveCfg = Debug|Any CPU
		{E8990C16-7445-49B6-8185-07B88AEFC575}.Debug|Any CPU.Build.0 = Debug|Any CPU
		{E8990C16-7445-49B6-8185-07B88AEFC575}.Release|Any CPU.ActiveCfg = Release|Any CPU
		{E8990C16-7445-49B6-8185-07B88AEFC575}.Release|Any CPU.Build.0 = Release|Any CPU
		{0B07D44D-45C3-45B2-BA78-E521859881BB}.Debug|Any CPU.ActiveCfg = Debug|Any CPU
		{0B07D44D-45C3-45B2-BA78-E521859881BB}.Debug|Any CPU.Build.0 = Debug|Any CPU
		{0B07D44D-45C3-45B2-BA78-E521859881BB}.Release|Any CPU.ActiveCfg = Release|Any CPU
		{0B07D44D-45C3-45B2-BA78-E521859881BB}.Release|Any CPU.Build.0 = Release|Any CPU
		{66978C30-AE6F-47E7-A897-9D6E1A127DFF}.Debug|Any CPU.ActiveCfg = Debug|Any CPU
		{66978C30-AE6F-47E7-A897-9D6E1A127DFF}.Debug|Any CPU.Build.0 = Debug|Any CPU
		{66978C30-AE6F-47E7-A897-9D6E1A127DFF}.Release|Any CPU.ActiveCfg = Release|Any CPU
		{66978C30-AE6F-47E7-A897-9D6E1A127DFF}.Release|Any CPU.Build.0 = Release|Any CPU
	EndGlobalSection
	GlobalSection(SolutionProperties) = preSolution
		HideSolutionNode = FALSE
	EndGlobalSection
	GlobalSection(ExtensibilityGlobals) = postSolution
		SolutionGuid = {1C68C610-E407-426B-9E7A-1EA768FDB8CE}
	EndGlobalSection
EndGlobal
